PODS:
  - AWSCore (2.4.16)
  - AWSS3 (2.4.16):
    - AWSCore (= 2.4.16)
  - Brightcove-Player-Core/dynamic (6.4.5)
  - CocoaAsyncSocket (7.5.1):
    - CocoaAsyncSocket/GCD (= 7.5.1)
  - CocoaAsyncSocket/GCD (7.5.1)
  - GoogleAds-IMA-iOS-SDK (3.9.0)
  - MBCircularProgressBar (0.3.5)
  - Mixpanel (3.4.5)
  - NHNetworkTime (1.7):
    - CocoaAsyncSocket (~> 7.5.0)
  - RBSDKPlayer (0.6.0):
    - AWSS3 (~> 2.4.0)
    - Brightcove-Player-Core/dynamic (~> 6.4)
    - GoogleAds-IMA-iOS-SDK (~> 3.7)
    - MBCircularProgressBar (~> 0.3)
    - Mixpanel (~> 3.2)
    - NHNetworkTime (~> 1.7)
    - SDWebImage (~> 3.7)
    - Socket.IO-Client-Swift (~> 15.0)
    - XCDYouTubeKit (~> 2.5)
  - SDWebImage (3.8.2):
    - SDWebImage/Core (= 3.8.2)
  - SDWebImage/Core (3.8.2)
  - Socket.IO-Client-Swift (15.2.0):
    - Starscream (~> 3.1)
  - Starscream (3.1.1)
  - XCDYouTubeKit (2.7.3)
  - YoutubePlayer-in-WKWebView (0.3.0)

DEPENDENCIES:
  - RBSDKPlayer (from `../`)
  - YoutubePlayer-in-WKWebView (from `https://github.com/rhinobird/YoutubePlayer-in-WKWebView.git`)

SPEC REPOS:
  https://github.com/brightcove/BrightcoveSpecs.git:
    - Brightcove-Player-Core
  https://github.com/CocoaPods/Specs.git:
    - AWSCore
    - AWSS3
    - CocoaAsyncSocket
    - GoogleAds-IMA-iOS-SDK
    - MBCircularProgressBar
    - Mixpanel
    - NHNetworkTime
    - SDWebImage
    - Socket.IO-Client-Swift
    - Starscream
    - XCDYouTubeKit

EXTERNAL SOURCES:
  RBSDKPlayer:
    :path: "../"
  YoutubePlayer-in-WKWebView:
    :git: https://github.com/rhinobird/YoutubePlayer-in-WKWebView.git

CHECKOUT OPTIONS:
  YoutubePlayer-in-WKWebView:
    :commit: 7b920102330dfa6d11ca0f99e3fdfd03363ea154
    :git: https://github.com/rhinobird/YoutubePlayer-in-WKWebView.git

SPEC CHECKSUMS:
  AWSCore: 7c3c129991e6387bcbad7132bc3661e7135754db
  AWSS3: fef6aa8f8f625df8f67f1b6574fe761f3a4ddc99
  Brightcove-Player-Core: bcd099cdc27a807ae23fcf22ecfb1eb52c72980c
  CocoaAsyncSocket: e0a7e93b2ffa411592ff87e58524fbbc9b95b4fa
  GoogleAds-IMA-iOS-SDK: 8f57879738137b81a48ba792e42439e6bff5413b
  MBCircularProgressBar: 0b795b722a5eb5b0923822f90474e2576a1a7855
  Mixpanel: 85c865c57456de42f66d7c29cd1b060b41ebe279
  NHNetworkTime: b140ee21770aed41e7b8fd43647bce6349ad10f2
  RBSDKPlayer: 6bda5ccccf8ea5599455013ab7fc85a629c4468b
  SDWebImage: 098e97e6176540799c27e804c96653ee0833d13c
  Socket.IO-Client-Swift: 1e3e3a1f09f3312a167f0d781eb2f383d477357c
  Starscream: 4bb2f9942274833f7b4d296a55504dcfc7edb7b0
  XCDYouTubeKit: 3f4fd3eb3ed494a46a8f007b91315eed6dd6df1f
  YoutubePlayer-in-WKWebView: 17a33b2fa619d357c9ddd763942ce556660facae

PODFILE CHECKSUM: cd8a409dbfe99817d77bd38dac3f2fa85a8fa788

COCOAPODS: 1.8.4
