PODS:
  - AWSCore (2.4.16)
  - AWSS3 (2.4.16):
    - AWSCore (= 2.4.16)
  - CocoaAsyncSocket (7.5.1):
    - CocoaAsyncSocket/GCD (= 7.5.1)
  - CocoaAsyncSocket/GCD (7.5.1)
  - LicodeErizoClient (4.5.2):
    - OCMockito (~> 4.0)
    - PodRTC (= 61.4.0.0)
    - Socket.IO-Client-Swift (= 12.0.0)
  - MBCircularProgressBar (0.3.5)
  - Mixpanel (3.2.9)
  - NHNetworkTime (1.7):
    - CocoaAsyncSocket (~> 7.5.0)
  - OCHamcrest (6.1.1)
  - OCMockito (4.1.0):
    - OCHamcrest (~> 6.0)
  - PodRTC (61.4.0.0)
  - RBSDKPlayer (0.0.1):
    - AWSS3 (~> 2.4.0)
    - LicodeErizoClient (~> 4.5)
    - MBCircularProgressBar (~> 0.3)
    - Mixpanel (~> 3.2)
    - NHNetworkTime (~> 1.7)
    - PodRTC (= 61.4.0.0)
    - SDWebImage (~> 3.7)
    - XCDYouTubeKit (~> 2.5)
  - SDWebImage (3.8.2):
    - SDWebImage/Core (= 3.8.2)
  - SDWebImage/Core (3.8.2)
  - Socket.IO-Client-Swift (12.0.0):
    - StarscreamSocketIO (~> 8.0.7)
  - StarscreamSocketIO (8.0.7)
  - XCDYouTubeKit (2.5.6)

DEPENDENCIES:
  - RBSDKPlayer (from `../`)

SPEC REPOS:
  https://github.com/CocoaPods/Specs.git:
    - AWSCore
    - AWSS3
    - CocoaAsyncSocket
    - LicodeErizoClient
    - MBCircularProgressBar
    - Mixpanel
    - NHNetworkTime
    - OCHamcrest
    - OCMockito
    - PodRTC
    - SDWebImage
    - Socket.IO-Client-Swift
    - StarscreamSocketIO
    - XCDYouTubeKit

EXTERNAL SOURCES:
  RBSDKPlayer:
    :path: "../"

SPEC CHECKSUMS:
  AWSCore: 7c3c129991e6387bcbad7132bc3661e7135754db
  AWSS3: fef6aa8f8f625df8f67f1b6574fe761f3a4ddc99
  CocoaAsyncSocket: e0a7e93b2ffa411592ff87e58524fbbc9b95b4fa
  LicodeErizoClient: f95527397dd0da060e1f847b4476ae06742adc97
  MBCircularProgressBar: 0b795b722a5eb5b0923822f90474e2576a1a7855
  Mixpanel: 85cd02171dc84a8b0295bbe3db65604e2934b920
  NHNetworkTime: b140ee21770aed41e7b8fd43647bce6349ad10f2
  OCHamcrest: 363e1bf738c3e8a94abe7c2c415f70d671adde38
  OCMockito: bceefcd365252bcdf8b59c1b2bd23890805fc0d8
  PodRTC: ae034da3517e187e261e5a1a1d7d7b3780ded6df
  RBSDKPlayer: aaa68818b710f64c748d84cb1ae3f42712e83f72
  SDWebImage: 098e97e6176540799c27e804c96653ee0833d13c
  Socket.IO-Client-Swift: 5b0154b42b3892bfb4c44fa138cbeb8afec4f6ef
  StarscreamSocketIO: 00b54e4208481ca5cef089545353aaf126bae16d
  XCDYouTubeKit: dccfe0c17dd5c5187969ec27e93069573badb08f

PODFILE CHECKSUM: 9312cee3e9a83e60ddd27078cbb09bde38e93569

COCOAPODS: 1.5.0
