PODS:
  - AWSCore (2.4.16)
  - AWSS3 (2.4.16):
    - AWSCore (= 2.4.16)
  - CocoaAsyncSocket (7.5.1):
    - CocoaAsyncSocket/GCD (= 7.5.1)
  - CocoaAsyncSocket/GCD (7.5.1)
  - MBCircularProgressBar (0.3.5)
  - Mixpanel (3.3.9)
  - NHNetworkTime (1.7):
    - CocoaAsyncSocket (~> 7.5.0)
  - RBSDKPlayer (0.1.5):
    - AWSS3 (~> 2.4.0)
    - MBCircularProgressBar (~> 0.3)
    - Mixpanel (~> 3.2)
    - NHNetworkTime (~> 1.7)
    - SDWebImage (~> 3.7)
    - Socket.IO-Client-Swift (~> 13.0)
    - XCDYouTubeKit (~> 2.5)
  - SDWebImage (3.8.2):
    - SDWebImage/Core (= 3.8.2)
  - SDWebImage/Core (3.8.2)
  - Socket.IO-Client-Swift (13.4.0):
    - Starscream (~> 3.0.2)
  - Starscream (3.0.6)
  - XCDYouTubeKit (2.7.3)

DEPENDENCIES:
  - RBSDKPlayer (from `../`)

SPEC REPOS:
  https://github.com/CocoaPods/Specs.git:
    - AWSCore
    - AWSS3
    - CocoaAsyncSocket
    - MBCircularProgressBar
    - Mixpanel
    - NHNetworkTime
    - SDWebImage
    - Socket.IO-Client-Swift
    - Starscream
    - XCDYouTubeKit

EXTERNAL SOURCES:
  RBSDKPlayer:
    :path: "../"

SPEC CHECKSUMS:
  AWSCore: 7c3c129991e6387bcbad7132bc3661e7135754db
  AWSS3: fef6aa8f8f625df8f67f1b6574fe761f3a4ddc99
  CocoaAsyncSocket: e0a7e93b2ffa411592ff87e58524fbbc9b95b4fa
  MBCircularProgressBar: 0b795b722a5eb5b0923822f90474e2576a1a7855
  Mixpanel: 5bc76524e4e6f7eea1db809cceaf17b4ad504b05
  NHNetworkTime: b140ee21770aed41e7b8fd43647bce6349ad10f2
  RBSDKPlayer: a1e90e9ac960eecf9eb451da72bffd9d7cc1a055
  SDWebImage: 098e97e6176540799c27e804c96653ee0833d13c
  Socket.IO-Client-Swift: 2b2720f14c92ff1237ced09bc2f2da2022624fee
  Starscream: ef3ece99d765eeccb67de105bfa143f929026cf5
  XCDYouTubeKit: 3f4fd3eb3ed494a46a8f007b91315eed6dd6df1f

PODFILE CHECKSUM: 46b70314cff7105a57afc3a20582f15a9f6c8b90

COCOAPODS: 1.5.0
